
Microsoft Visual Studio Solution File, Format Version 12.00
# Visual Studio Version 16
VisualStudioVersion = 16.0.30503.244
MinimumVisualStudioVersion = 10.0.40219.1
Project("{FAE04EC0-301F-11D3-BF4B-00C04F79EFBC}") = "Mandelbrot", "Mandelbrot.csproj", "{574ECACB-D3F2-4081-A390-391CA60E5F8A}"
EndProject
Project("{FAE04EC0-301F-11D3-BF4B-00C04F79EFBC}") = "MandelConsole", "..\MandelConsole\MandelConsole.csproj", "{7EC7F159-C5AE-4C2E-ADBE-DB491C9DFC40}"
EndProject
Global
	GlobalSection(SolutionConfigurationPlatforms) = preSolution
		Debug|Any CPU = Debug|Any CPU
		Release|Any CPU = Release|Any CPU
	EndGlobalSection
	GlobalSection(ProjectConfigurationPlatforms) = postSolution
		{574ECACB-D3F2-4081-A390-391CA60E5F8A}.Debug|Any CPU.ActiveCfg = Debug|Any CPU
		{574ECACB-D3F2-4081-A390-391CA60E5F8A}.Debug|Any CPU.Build.0 = Debug|Any CPU
		{574ECACB-D3F2-4081-A390-391CA60E5F8A}.Release|Any CPU.ActiveCfg = Release|Any CPU
		{574ECACB-D3F2-4081-A390-391CA60E5F8A}.Release|Any CPU.Build.0 = Release|Any CPU
		{7EC7F159-C5AE-4C2E-ADBE-DB491C9DFC40}.Debug|Any CPU.ActiveCfg = Debug|Any CPU
		{7EC7F159-C5AE-4C2E-ADBE-DB491C9DFC40}.Debug|Any CPU.Build.0 = Debug|Any CPU
		{7EC7F159-C5AE-4C2E-ADBE-DB491C9DFC40}.Release|Any CPU.ActiveCfg = Release|Any CPU
		{7EC7F159-C5AE-4C2E-ADBE-DB491C9DFC40}.Release|Any CPU.Build.0 = Release|Any CPU
	EndGlobalSection
	GlobalSection(SolutionProperties) = preSolution
		HideSolutionNode = FALSE
	EndGlobalSection
	GlobalSection(ExtensibilityGlobals) = postSolution
		SolutionGuid = {4303C0A2-AF87-43B5-BF2C-37F4F3A98263}
	EndGlobalSection
EndGlobal
